
Microsoft Visual Studio Solution File, Format Version 12.00
# Visual Studio Version 17
VisualStudioVersion = 17.14.36511.14 d17.14
MinimumVisualStudioVersion = 10.0.40219.1
Project("{FAE04EC0-301F-11D3-BF4B-00C04F79EFBC}") = "herrac ve satis tetbiqi", "herrac ve satis tetbiqi\herrac ve satis tetbiqi.csproj", "{B84F82EB-3E94-4F54-9CDE-7E765772670F}"
EndProject
Global
	GlobalSection(SolutionConfigurationPlatforms) = preSolution
		Debug|Any CPU = Debug|Any CPU
		Release|Any CPU = Release|Any CPU
	EndGlobalSection
	GlobalSection(ProjectConfigurationPlatforms) = postSolution
		{B84F82EB-3E94-4F54-9CDE-7E765772670F}.Debug|Any CPU.ActiveCfg = Debug|Any CPU
		{B84F82EB-3E94-4F54-9CDE-7E765772670F}.Debug|Any CPU.Build.0 = Debug|Any CPU
		{B84F82EB-3E94-4F54-9CDE-7E765772670F}.Release|Any CPU.ActiveCfg = Release|Any CPU
		{B84F82EB-3E94-4F54-9CDE-7E765772670F}.Release|Any CPU.Build.0 = Release|Any CPU
	EndGlobalSection
	GlobalSection(SolutionProperties) = preSolution
		HideSolutionNode = FALSE
	EndGlobalSection
	GlobalSection(ExtensibilityGlobals) = postSolution
		SolutionGuid = {158DBB96-F37F-43EE-884E-C2CF397258A6}
	EndGlobalSection
EndGlobal
